# THIS IS AN AUTOGENERATED FILE. DO NOT EDIT THIS FILE DIRECTLY.
# yarn lockfile v1


"@lmdb/lmdb-darwin-arm64@3.3.0":
  version "3.3.0"
  resolved "https://registry.yarnpkg.com/@lmdb/lmdb-darwin-arm64/-/lmdb-darwin-arm64-3.3.0.tgz#8120e59facefd54c79b86761ef308db2833a494d"
  integrity sha512-LipbQobyEfQtu8WixasaFUZZ+JCGlho4OWwWIQ5ol0rB1RKkcZvypu7sS1CBvofBGVAa3vbOh8IOGQMrbmL5dg==

"@lmdb/lmdb-darwin-x64@3.3.0":
  version "3.3.0"
  resolved "https://registry.yarnpkg.com/@lmdb/lmdb-darwin-x64/-/lmdb-darwin-x64-3.3.0.tgz#3e5c7a1ea0e1d5c9c38ad89c9d1dce91e883924c"
  integrity sha512-yA+9P+ZeA3vg76BLXWeUomIAjxfmSmR2eg8fueHXDg5Xe1Xmkl9JCKuHXUhtJ+mMVcH12d5k4kJBLbyXTadfGQ==

"@lmdb/lmdb-linux-arm64@3.3.0":
  version "3.3.0"
  resolved "https://registry.yarnpkg.com/@lmdb/lmdb-linux-arm64/-/lmdb-linux-arm64-3.3.0.tgz#cc04c17a35710a46432306c7c12a941aa1590722"
  integrity sha512-OeWvSgjXXZ/zmtLqqL78I3910F6UYpUubmsUU+iBHo6nTtjkpXms95rJtGrjkWQqwswKBD7xSMplbYC4LEsiPA==

"@lmdb/lmdb-linux-arm@3.3.0":
  version "3.3.0"
  resolved "https://registry.yarnpkg.com/@lmdb/lmdb-linux-arm/-/lmdb-linux-arm-3.3.0.tgz#f36a07eb8f1656cc989ffa4e5a014b18d133079f"
  integrity sha512-EDYrW9kle+8wI19JCj/PhRnGoCN9bked5cdOPdo1wdgH/HzjgoLPFTn9DHlZccgTEVhp3O+bpWXdN/rWySVvjw==

"@lmdb/lmdb-linux-x64@3.3.0":
  version "3.3.0"
  resolved "https://registry.yarnpkg.com/@lmdb/lmdb-linux-x64/-/lmdb-linux-x64-3.3.0.tgz#0b4b0a73ee69d1d98695905065ff1de415f5ac72"
  integrity sha512-wDd02mt5ScX4+xd6g78zKBr6ojpgCJCTrllCAabjgap5FzuETqOqaQfKhO+tJuGWv/J5q+GIds6uY7rNFueOxg==

"@lmdb/lmdb-win32-arm64@3.3.0":
  version "3.3.0"
  resolved "https://registry.yarnpkg.com/@lmdb/lmdb-win32-arm64/-/lmdb-win32-arm64-3.3.0.tgz#e631dbe9bee71d00fb49b158b460a2306429ce46"
  integrity sha512-COotWhHJgzXULLiEjOgWQwqig6PoA+6ji6W+sDl6M1HhMXWIymEVHGs0edsVSNtsNSCAWMxJgR3asv6FNX/2EA==

"@lmdb/lmdb-win32-x64@3.3.0":
  version "3.3.0"
  resolved "https://registry.yarnpkg.com/@lmdb/lmdb-win32-x64/-/lmdb-win32-x64-3.3.0.tgz#02f81fa98bcd527a493de6009ba65e3758a322c4"
  integrity sha512-kqUgQH+l8HDbkAapx+aoko7Ez4X4DqkIraOqY/k0QY5EN/iialVlFpBUXh4wFXzirdmEVjbIUMrceUh0Kh8LeA==

"@msgpackr-extract/msgpackr-extract-darwin-arm64@3.0.3":
  version "3.0.3"
  resolved "https://registry.yarnpkg.com/@msgpackr-extract/msgpackr-extract-darwin-arm64/-/msgpackr-extract-darwin-arm64-3.0.3.tgz#9edec61b22c3082018a79f6d1c30289ddf3d9d11"
  integrity sha512-QZHtlVgbAdy2zAqNA9Gu1UpIuI8Xvsd1v8ic6B2pZmeFnFcMWiPLfWXh7TVw4eGEZ/C9TH281KwhVoeQUKbyjw==

"@msgpackr-extract/msgpackr-extract-darwin-x64@3.0.3":
  version "3.0.3"
  resolved "https://registry.yarnpkg.com/@msgpackr-extract/msgpackr-extract-darwin-x64/-/msgpackr-extract-darwin-x64-3.0.3.tgz#33677a275204898ad8acbf62734fc4dc0b6a4855"
  integrity sha512-mdzd3AVzYKuUmiWOQ8GNhl64/IoFGol569zNRdkLReh6LRLHOXxU4U8eq0JwaD8iFHdVGqSy4IjFL4reoWCDFw==

"@msgpackr-extract/msgpackr-extract-linux-arm64@3.0.3":
  version "3.0.3"
  resolved "https://registry.yarnpkg.com/@msgpackr-extract/msgpackr-extract-linux-arm64/-/msgpackr-extract-linux-arm64-3.0.3.tgz#19edf7cdc2e7063ee328403c1d895a86dd28f4bb"
  integrity sha512-YxQL+ax0XqBJDZiKimS2XQaf+2wDGVa1enVRGzEvLLVFeqa5kx2bWbtcSXgsxjQB7nRqqIGFIcLteF/sHeVtQg==

"@msgpackr-extract/msgpackr-extract-linux-arm@3.0.3":
  version "3.0.3"
  resolved "https://registry.yarnpkg.com/@msgpackr-extract/msgpackr-extract-linux-arm/-/msgpackr-extract-linux-arm-3.0.3.tgz#94fb0543ba2e28766c3fc439cabbe0440ae70159"
  integrity sha512-fg0uy/dG/nZEXfYilKoRe7yALaNmHoYeIoJuJ7KJ+YyU2bvY8vPv27f7UKhGRpY6euFYqEVhxCFZgAUNQBM3nw==

"@msgpackr-extract/msgpackr-extract-linux-x64@3.0.3":
  version "3.0.3"
  resolved "https://registry.yarnpkg.com/@msgpackr-extract/msgpackr-extract-linux-x64/-/msgpackr-extract-linux-x64-3.0.3.tgz#4a0609ab5fe44d07c9c60a11e4484d3c38bbd6e3"
  integrity sha512-cvwNfbP07pKUfq1uH+S6KJ7dT9K8WOE4ZiAcsrSes+UY55E/0jLYc+vq+DO7jlmqRb5zAggExKm0H7O/CBaesg==

"@msgpackr-extract/msgpackr-extract-win32-x64@3.0.3":
  version "3.0.3"
  resolved "https://registry.yarnpkg.com/@msgpackr-extract/msgpackr-extract-win32-x64/-/msgpackr-extract-win32-x64-3.0.3.tgz#0aa5502d547b57abfc4ac492de68e2006e417242"
  integrity sha512-x0fWaQtYp4E6sktbsdAqnehxDgEc/VwM7uLsRCYWaiGu0ykYdZPiS8zCWdnjHwyiumousxfBm4SO31eXqwEZhQ==

detect-libc@^2.0.1:
  version "2.0.4"
  resolved "https://registry.yarnpkg.com/detect-libc/-/detect-libc-2.0.4.tgz#f04715b8ba815e53b4d8109655b6508a6865a7e8"
  integrity sha512-3UDv+G9CsCKO1WKMGw9fwq/SWJYbI0c5Y7LU1AXYoDdbhE2AHQ6N6Nb34sG8Fj7T5APy8qXDCKuuIHd1BR0tVA==

fpjson-lang@^0.1.5:
  version "0.1.5"
  resolved "https://registry.yarnpkg.com/fpjson-lang/-/fpjson-lang-0.1.5.tgz#a05cfc52697711af16bd3315b52eb6912ef34eea"
  integrity sha512-+YvA1HbmUfJxAsFvkPwCRPQbNYU/0sJ9ffORMCykT5rQAj7YDl0ShA3ZWgGxMSmu4JcHDWXao1c2ddWw3IZupQ==
  dependencies:
    ramda "^0.28.0"

jsonschema@^1.5.0:
  version "1.5.0"
  resolved "https://registry.yarnpkg.com/jsonschema/-/jsonschema-1.5.0.tgz#f6aceb1ab9123563dd901d05f81f9d4883d3b7d8"
  integrity sha512-K+A9hhqbn0f3pJX17Q/7H6yQfD/5OXgdrR5UE12gMXCiN9D5Xq2o5mddV2QEcX/bjla99ASsAAQUyMCCRWAEhw==

lmdb@^3.3.0:
  version "3.3.0"
  resolved "https://registry.yarnpkg.com/lmdb/-/lmdb-3.3.0.tgz#85149c8178a3fa57a9230bd1adf9fd96ceb9125f"
  integrity sha512-MgJocUI6QEiSXQBFWLeyo1R7eQj8Rke5dlPxX0KFwli8/bsCxpM/KbXO5y0qmV/5llQ3wpneDWcTYxa+4vn8iQ==
  dependencies:
    msgpackr "^1.11.2"
    node-addon-api "^6.1.0"
    node-gyp-build-optional-packages "5.2.2"
    ordered-binary "^1.5.3"
    weak-lru-cache "^1.2.2"
  optionalDependencies:
    "@lmdb/lmdb-darwin-arm64" "3.3.0"
    "@lmdb/lmdb-darwin-x64" "3.3.0"
    "@lmdb/lmdb-linux-arm" "3.3.0"
    "@lmdb/lmdb-linux-arm64" "3.3.0"
    "@lmdb/lmdb-linux-x64" "3.3.0"
    "@lmdb/lmdb-win32-arm64" "3.3.0"
    "@lmdb/lmdb-win32-x64" "3.3.0"

msgpackr-extract@^3.0.2:
  version "3.0.3"
  resolved "https://registry.yarnpkg.com/msgpackr-extract/-/msgpackr-extract-3.0.3.tgz#e9d87023de39ce714872f9e9504e3c1996d61012"
  integrity sha512-P0efT1C9jIdVRefqjzOQ9Xml57zpOXnIuS+csaB4MdZbTdmGDLo8XhzBG1N7aO11gKDDkJvBLULeFTo46wwreA==
  dependencies:
    node-gyp-build-optional-packages "5.2.2"
  optionalDependencies:
    "@msgpackr-extract/msgpackr-extract-darwin-arm64" "3.0.3"
    "@msgpackr-extract/msgpackr-extract-darwin-x64" "3.0.3"
    "@msgpackr-extract/msgpackr-extract-linux-arm" "3.0.3"
    "@msgpackr-extract/msgpackr-extract-linux-arm64" "3.0.3"
    "@msgpackr-extract/msgpackr-extract-linux-x64" "3.0.3"
    "@msgpackr-extract/msgpackr-extract-win32-x64" "3.0.3"

msgpackr@^1.11.2:
  version "1.11.2"
  resolved "https://registry.yarnpkg.com/msgpackr/-/msgpackr-1.11.2.tgz#4463b7f7d68f2e24865c395664973562ad24473d"
  integrity sha512-F9UngXRlPyWCDEASDpTf6c9uNhGPTqnTeLVt7bN+bU1eajoR/8V9ys2BRaV5C/e5ihE6sJ9uPIKaYt6bFuO32g==
  optionalDependencies:
    msgpackr-extract "^3.0.2"

node-addon-api@^6.1.0:
  version "6.1.0"
  resolved "https://registry.yarnpkg.com/node-addon-api/-/node-addon-api-6.1.0.tgz#ac8470034e58e67d0c6f1204a18ae6995d9c0d76"
  integrity sha512-+eawOlIgy680F0kBzPUNFhMZGtJ1YmqM6l4+Crf4IkImjYrO/mqPwRMh352g23uIaQKFItcQ64I7KMaJxHgAVA==

node-gyp-build-optional-packages@5.2.2:
  version "5.2.2"
  resolved "https://registry.yarnpkg.com/node-gyp-build-optional-packages/-/node-gyp-build-optional-packages-5.2.2.tgz#522f50c2d53134d7f3a76cd7255de4ab6c96a3a4"
  integrity sha512-s+w+rBWnpTMwSFbaE0UXsRlg7hU4FjekKU4eyAih5T8nJuNZT1nNsskXpxmeqSK9UzkBl6UgRlnKc8hz8IEqOw==
  dependencies:
    detect-libc "^2.0.1"

ordered-binary@^1.5.3:
  version "1.5.3"
  resolved "https://registry.yarnpkg.com/ordered-binary/-/ordered-binary-1.5.3.tgz#8bee2aa7a82c3439caeb1e80c272fd4cf51170fb"
  integrity sha512-oGFr3T+pYdTGJ+YFEILMpS3es+GiIbs9h/XQrclBXUtd44ey7XwfsMzM31f64I1SQOawDoDr/D823kNCADI8TA==

ramda@^0.28.0:
  version "0.28.0"
  resolved "https://registry.yarnpkg.com/ramda/-/ramda-0.28.0.tgz#acd785690100337e8b063cab3470019be427cc97"
  integrity sha512-9QnLuG/kPVgWvMQ4aODhsBUFKOUmnbUnsSXACv+NCQZcHbeb+v8Lodp8OVxtRULN1/xOyYLLaL6npE6dMq5QTA==

ramda@^0.30.1:
  version "0.30.1"
  resolved "https://registry.yarnpkg.com/ramda/-/ramda-0.30.1.tgz#7108ac95673062b060025052cd5143ae8fc605bf"
  integrity sha512-tEF5I22zJnuclswcZMc8bDIrwRHRzf+NqVEmqg50ShAZMP7MWeR/RGDthfM/p+BlqvF2fXAzpn8i+SJcYD3alw==

weak-lru-cache@^1.2.2:
  version "1.2.2"
  resolved "https://registry.yarnpkg.com/weak-lru-cache/-/weak-lru-cache-1.2.2.tgz#fdbb6741f36bae9540d12f480ce8254060dccd19"
  integrity sha512-DEAoo25RfSYMuTGc9vPJzZcZullwIqRDSI9LOy+fkCJPi6hykCnfKaXTuPBDuXAUcqHXyOgFtHNp/kB2FjYHbw==
