# THIS IS AN AUTOGENERATED FILE. DO NOT EDIT THIS FILE DIRECTLY.
# yarn lockfile v1


jsonschema@^1.5.0:
  version "1.5.0"
  resolved "https://registry.yarnpkg.com/jsonschema/-/jsonschema-1.5.0.tgz#f6aceb1ab9123563dd901d05f81f9d4883d3b7d8"
  integrity sha512-K+A9hhqbn0f3pJX17Q/7H6yQfD/5OXgdrR5UE12gMXCiN9D5Xq2o5mddV2QEcX/bjla99ASsAAQUyMCCRWAEhw==

ramda@^0.30.1:
  version "0.30.1"
  resolved "https://registry.yarnpkg.com/ramda/-/ramda-0.30.1.tgz#7108ac95673062b060025052cd5143ae8fc605bf"
  integrity sha512-tEF5I22zJnuclswcZMc8bDIrwRHRzf+NqVEmqg50ShAZMP7MWeR/RGDthfM/p+BlqvF2fXAzpn8i+SJcYD3alw==
