# THIS IS AN AUTOGENERATED FILE. DO NOT EDIT THIS FILE DIRECTLY.
# yarn lockfile v1


"@adraffy/ens-normalize@1.9.2":
  version "1.9.2"
  resolved "https://registry.yarnpkg.com/@adraffy/ens-normalize/-/ens-normalize-1.9.2.tgz#60111a5d9db45b2e5cbb6231b0bb8d97e8659316"
  integrity sha512-0h+FrQDqe2Wn+IIGFkTCd4aAwTJ+7834Ek1COohCyV26AXhwQ7WQaz+4F/nLOeVl/3BtWHOHLPsq46V8YB46Eg==

"@noble/hashes@1.1.2":
  version "1.1.2"
  resolved "https://registry.yarnpkg.com/@noble/hashes/-/hashes-1.1.2.tgz#e9e035b9b166ca0af657a7848eb2718f0f22f183"
  integrity sha512-KYRCASVTv6aeUi1tsF8/vpyR7zpfs3FUzy2Jqm+MU+LmUKhQ0y2FpfwqkCcxSg2ua4GALJd8k2R76WxwZGbQpA==

"@noble/secp256k1@1.7.1":
  version "1.7.1"
  resolved "https://registry.yarnpkg.com/@noble/secp256k1/-/secp256k1-1.7.1.tgz#b251c70f824ce3ca7f8dc3df08d58f005cc0507c"
  integrity sha512-hOUk6AyBFmqVrv7k5WAw/LpszxVbj9gGN4JRkIX52fdFAj1UA61KXmZDvqVEm+pOyec3+fIeZB02LYa/pWOArw==

"@types/node@18.15.13":
  version "18.15.13"
  resolved "https://registry.yarnpkg.com/@types/node/-/node-18.15.13.tgz#f64277c341150c979e42b00e4ac289290c9df469"
  integrity sha512-N+0kuo9KgrUQ1Sn/ifDXsvg0TTleP7rIy4zOBGECxAljqvqfqpTfzx0Q1NUedOixRMBfe2Whhb056a42cWs26Q==

aes-js@4.0.0-beta.5:
  version "4.0.0-beta.5"
  resolved "https://registry.yarnpkg.com/aes-js/-/aes-js-4.0.0-beta.5.tgz#8d2452c52adedebc3a3e28465d858c11ca315873"
  integrity sha512-G965FqalsNyrPqgEGON7nIx1e/OVENSgiEIzyC63haUMuvNnwIgIjMs52hlTCKhkBny7A2ORNlfY9Zu+jmGk1Q==

ethers@^6.6.0:
  version "6.6.0"
  resolved "https://registry.yarnpkg.com/ethers/-/ethers-6.6.0.tgz#596e512cd91ef86b04f95f2e6be58a22ec4f2ce6"
  integrity sha512-7D2U+n8eZYmh592VZqap9vBu50jN7YUDHqAmwBYTMntmUKC9RVgcqcFbd+3DTCOQ1jMyK6QHv1usbcfgiGaHOA==
  dependencies:
    "@adraffy/ens-normalize" "1.9.2"
    "@noble/hashes" "1.1.2"
    "@noble/secp256k1" "1.7.1"
    "@types/node" "18.15.13"
    aes-js "4.0.0-beta.5"
    tslib "2.4.0"
    ws "8.5.0"

tslib@2.4.0:
  version "2.4.0"
  resolved "https://registry.yarnpkg.com/tslib/-/tslib-2.4.0.tgz#7cecaa7f073ce680a05847aa77be941098f36dc3"
  integrity sha512-d6xOpEDfsi2CZVlPQzGeux8XMwLT9hssAsaPYExaQMuYskwb+x1x7J371tWlbBdWHroy99KnVB6qIkUbs5X3UQ==

ws@8.5.0:
  version "8.5.0"
  resolved "https://registry.yarnpkg.com/ws/-/ws-8.5.0.tgz#bfb4be96600757fe5382de12c670dab984a1ed4f"
  integrity sha512-BWX0SWVgLPzYwF8lTzEy1egjhS4S4OEAHfsO8o65WOVsrnSRGaSiUaa9e0ggGlkMTtBlmOpEXiie9RUcBO86qg==
